// !$*UTF8*$!
{
	archiveVersion = 1;
	classes = {
	};
	objectVersion = 55;
	objects = {

/* Begin PBXBuildFile section */
		34950B8729085FE200D6F5FD /* PlayView.swift in Sources */ = {isa = PBXBuildFile; fileRef = 34950B8629085FE200D6F5FD /* PlayView.swift */; };
		34950B99290B07EC00D6F5FD /* GameView.swift in Sources */ = {isa = PBXBuildFile; fileRef = 34950B98290B07EC00D6F5FD /* GameView.swift */; };
		34950B9B290B09F600D6F5FD /* Guess.swift in Sources */ = {isa = PBXBuildFile; fileRef = 34950B9A290B09F600D6F5FD /* Guess.swift */; };
		34C3AF0F28FC8E69005CF494 /* WordleApp.swift in Sources */ = {isa = PBXBuildFile; fileRef = 34C3AF0E28FC8E69005CF494 /* WordleApp.swift */; };
		34C3AF1128FC8E69005CF494 /* ContentView.swift in Sources */ = {isa = PBXBuildFile; fileRef = 34C3AF1028FC8E69005CF494 /* ContentView.swift */; };
		34C3AF1328FC8E6C005CF494 /* Assets.xcassets in Resources */ = {isa = PBXBuildFile; fileRef = 34C3AF1228FC8E6C005CF494 /* Assets.xcassets */; };
		34C3AF1628FC8E6C005CF494 /* Preview Assets.xcassets in Resources */ = {isa = PBXBuildFile; fileRef = 34C3AF1528FC8E6C005CF494 /* Preview Assets.xcassets */; };
		34C3AF2028FC8E6D005CF494 /* WordleTests.swift in Sources */ = {isa = PBXBuildFile; fileRef = 34C3AF1F28FC8E6D005CF494 /* WordleTests.swift */; };
		34C3AF2A28FC8E6D005CF494 /* WordleUITests.swift in Sources */ = {isa = PBXBuildFile; fileRef = 34C3AF2928FC8E6D005CF494 /* WordleUITests.swift */; };
		34C3AF2C28FC8E6D005CF494 /* WordleUITestsLaunchTests.swift in Sources */ = {isa = PBXBuildFile; fileRef = 34C3AF2B28FC8E6D005CF494 /* WordleUITestsLaunchTests.swift */; };
/* End PBXBuildFile section */

/* Begin PBXContainerItemProxy section */
		34C3AF1C28FC8E6D005CF494 /* PBXContainerItemProxy */ = {
			isa = PBXContainerItemProxy;
			containerPortal = 34C3AF0328FC8E69005CF494 /* Project object */;
			proxyType = 1;
			remoteGlobalIDString = 34C3AF0A28FC8E69005CF494;
			remoteInfo = Wordle;
		};
		34C3AF2628FC8E6D005CF494 /* PBXContainerItemProxy */ = {
			isa = PBXContainerItemProxy;
			containerPortal = 34C3AF0328FC8E69005CF494 /* Project object */;
			proxyType = 1;
			remoteGlobalIDString = 34C3AF0A28FC8E69005CF494;
			remoteInfo = Wordle;
		};
/* End PBXContainerItemProxy section */

/* Begin PBXFileReference section */
		34950B8629085FE200D6F5FD /* PlayView.swift */ = {isa = PBXFileReference; lastKnownFileType = sourcecode.swift; path = PlayView.swift; sourceTree = "<group>"; };
		34950B98290B07EC00D6F5FD /* GameView.swift */ = {isa = PBXFileReference; lastKnownFileType = sourcecode.swift; path = GameView.swift; sourceTree = "<group>"; };
		34950B9A290B09F600D6F5FD /* Guess.swift */ = {isa = PBXFileReference; lastKnownFileType = sourcecode.swift; path = Guess.swift; sourceTree = "<group>"; };
		34C3AF0B28FC8E69005CF494 /* Wordle.app */ = {isa = PBXFileReference; explicitFileType = wrapper.application; includeInIndex = 0; path = Wordle.app; sourceTree = BUILT_PRODUCTS_DIR; };
		34C3AF0E28FC8E69005CF494 /* WordleApp.swift */ = {isa = PBXFileReference; lastKnownFileType = sourcecode.swift; path = WordleApp.swift; sourceTree = "<group>"; };
		34C3AF1028FC8E69005CF494 /* ContentView.swift */ = {isa = PBXFileReference; lastKnownFileType = sourcecode.swift; path = ContentView.swift; sourceTree = "<group>"; };
		34C3AF1228FC8E6C005CF494 /* Assets.xcassets */ = {isa = PBXFileReference; lastKnownFileType = folder.assetcatalog; path = Assets.xcassets; sourceTree = "<group>"; };
		34C3AF1528FC8E6C005CF494 /* Preview Assets.xcassets */ = {isa = PBXFileReference; lastKnownFileType = folder.assetcatalog; path = "Preview Assets.xcassets"; sourceTree = "<group>"; };
		34C3AF1B28FC8E6D005CF494 /* WordleTests.xctest */ = {isa = PBXFileReference; explicitFileType = wrapper.cfbundle; includeInIndex = 0; path = WordleTests.xctest; sourceTree = BUILT_PRODUCTS_DIR; };
		34C3AF1F28FC8E6D005CF494 /* WordleTests.swift */ = {isa = PBXFileReference; lastKnownFileType = sourcecode.swift; path = WordleTests.swift; sourceTree = "<group>"; };
		34C3AF2528FC8E6D005CF494 /* WordleUITests.xctest */ = {isa = PBXFileReference; explicitFileType = wrapper.cfbundle; includeInIndex = 0; path = WordleUITests.xctest; sourceTree = BUILT_PRODUCTS_DIR; };
		34C3AF2928FC8E6D005CF494 /* WordleUITests.swift */ = {isa = PBXFileReference; lastKnownFileType = sourcecode.swift; path = WordleUITests.swift; sourceTree = "<group>"; };
		34C3AF2B28FC8E6D005CF494 /* WordleUITestsLaunchTests.swift */ = {isa = PBXFileReference; lastKnownFileType = sourcecode.swift; path = WordleUITestsLaunchTests.swift; sourceTree = "<group>"; };
/* End PBXFileReference section */

/* Begin PBXFrameworksBuildPhase section */
		34C3AF0828FC8E69005CF494 /* Frameworks */ = {
			isa = PBXFrameworksBuildPhase;
			buildActionMask = 2147483647;
			files = (
			);
			runOnlyForDeploymentPostprocessing = 0;
		};
		34C3AF1828FC8E6D005CF494 /* Frameworks */ = {
			isa = PBXFrameworksBuildPhase;
			buildActionMask = 2147483647;
			files = (
			);
			runOnlyForDeploymentPostprocessing = 0;
		};
		34C3AF2228FC8E6D005CF494 /* Frameworks */ = {
			isa = PBXFrameworksBuildPhase;
			buildActionMask = 2147483647;
			files = (
			);
			runOnlyForDeploymentPostprocessing = 0;
		};
/* End PBXFrameworksBuildPhase section */

/* Begin PBXGroup section */
		34950B89290AF72700D6F5FD /* Other */ = {
			isa = PBXGroup;
			children = (
				34C3AF1228FC8E6C005CF494 /* Assets.xcassets */,
			);
			path = Other;
			sourceTree = "<group>";
		};
		34950B97290B07D300D6F5FD /* GameBoard */ = {
			isa = PBXGroup;
			children = (
				34950B98290B07EC00D6F5FD /* GameView.swift */,
				34950B9A290B09F600D6F5FD /* Guess.swift */,
			);
			path = GameBoard;
			sourceTree = "<group>";
		};
		34C3AF0228FC8E69005CF494 = {
			isa = PBXGroup;
			children = (
				34950B89290AF72700D6F5FD /* Other */,
				34C3AF0D28FC8E69005CF494 /* Wordle */,
				34C3AF1E28FC8E6D005CF494 /* WordleTests */,
				34C3AF2828FC8E6D005CF494 /* WordleUITests */,
				34C3AF0C28FC8E69005CF494 /* Products */,
			);
			sourceTree = "<group>";
		};
		34C3AF0C28FC8E69005CF494 /* Products */ = {
			isa = PBXGroup;
			children = (
				34C3AF0B28FC8E69005CF494 /* Wordle.app */,
				34C3AF1B28FC8E6D005CF494 /* WordleTests.xctest */,
				34C3AF2528FC8E6D005CF494 /* WordleUITests.xctest */,
			);
			name = Products;
			sourceTree = "<group>";
		};
		34C3AF0D28FC8E69005CF494 /* Wordle */ = {
			isa = PBXGroup;
			children = (
				34C3AF0E28FC8E69005CF494 /* WordleApp.swift */,
				34C3AF1028FC8E69005CF494 /* ContentView.swift */,
				34950B8629085FE200D6F5FD /* PlayView.swift */,
				34C3AF1428FC8E6C005CF494 /* Preview Content */,
				34950B97290B07D300D6F5FD /* GameBoard */,
			);
			path = Wordle;
			sourceTree = "<group>";
		};
		34C3AF1428FC8E6C005CF494 /* Preview Content */ = {
			isa = PBXGroup;
			children = (
				34C3AF1528FC8E6C005CF494 /* Preview Assets.xcassets */,
			);
			path = "Preview Content";
			sourceTree = "<group>";
		};
		34C3AF1E28FC8E6D005CF494 /* WordleTests */ = {
			isa = PBXGroup;
			children = (
				34C3AF1F28FC8E6D005CF494 /* WordleTests.swift */,
			);
			path = WordleTests;
			sourceTree = "<group>";
		};
		34C3AF2828FC8E6D005CF494 /* WordleUITests */ = {
			isa = PBXGroup;
			children = (
				34C3AF2928FC8E6D005CF494 /* WordleUITests.swift */,
				34C3AF2B28FC8E6D005CF494 /* WordleUITestsLaunchTests.swift */,
			);
			path = WordleUITests;
			sourceTree = "<group>";
		};
/* End PBXGroup section */

/* Begin PBXNativeTarget section */
		34C3AF0A28FC8E69005CF494 /* Wordle */ = {
			isa = PBXNativeTarget;
			buildConfigurationList = 34C3AF2F28FC8E6D005CF494 /* Build configuration list for PBXNativeTarget "Wordle" */;
			buildPhases = (
				34C3AF0728FC8E69005CF494 /* Sources */,
				34C3AF0828FC8E69005CF494 /* Frameworks */,
				34C3AF0928FC8E69005CF494 /* Resources */,
			);
			buildRules = (
			);
			dependencies = (
			);
			name = Wordle;
			productName = Wordle;
			productReference = 34C3AF0B28FC8E69005CF494 /* Wordle.app */;
			productType = "com.apple.product-type.application";
		};
		34C3AF1A28FC8E6D005CF494 /* WordleTests */ = {
			isa = PBXNativeTarget;
			buildConfigurationList = 34C3AF3228FC8E6D005CF494 /* Build configuration list for PBXNativeTarget "WordleTests" */;
			buildPhases = (
				34C3AF1728FC8E6D005CF494 /* Sources */,
				34C3AF1828FC8E6D005CF494 /* Frameworks */,
				34C3AF1928FC8E6D005CF494 /* Resources */,
			);
			buildRules = (
			);
			dependencies = (
				34C3AF1D28FC8E6D005CF494 /* PBXTargetDependency */,
			);
			name = WordleTests;
			productName = WordleTests;
			productReference = 34C3AF1B28FC8E6D005CF494 /* WordleTests.xctest */;
			productType = "com.apple.product-type.bundle.unit-test";
		};
		34C3AF2428FC8E6D005CF494 /* WordleUITests */ = {
			isa = PBXNativeTarget;
			buildConfigurationList = 34C3AF3528FC8E6D005CF494 /* Build configuration list for PBXNativeTarget "WordleUITests" */;
			buildPhases = (
				34C3AF2128FC8E6D005CF494 /* Sources */,
				34C3AF2228FC8E6D005CF494 /* Frameworks */,
				34C3AF2328FC8E6D005CF494 /* Resources */,
			);
			buildRules = (
			);
			dependencies = (
				34C3AF2728FC8E6D005CF494 /* PBXTargetDependency */,
			);
			name = WordleUITests;
			productName = WordleUITests;
			productReference = 34C3AF2528FC8E6D005CF494 /* WordleUITests.xctest */;
			productType = "com.apple.product-type.bundle.ui-testing";
		};
/* End PBXNativeTarget section */

/* Begin PBXProject section */
		34C3AF0328FC8E69005CF494 /* Project object */ = {
			isa = PBXProject;
			attributes = {
				BuildIndependentTargetsInParallel = 1;
				LastSwiftUpdateCheck = 1340;
				LastUpgradeCheck = 1340;
				TargetAttributes = {
					34C3AF0A28FC8E69005CF494 = {
						CreatedOnToolsVersion = 13.4.1;
					};
					34C3AF1A28FC8E6D005CF494 = {
						CreatedOnToolsVersion = 13.4.1;
						TestTargetID = 34C3AF0A28FC8E69005CF494;
					};
					34C3AF2428FC8E6D005CF494 = {
						CreatedOnToolsVersion = 13.4.1;
						TestTargetID = 34C3AF0A28FC8E69005CF494;
					};
				};
			};
			buildConfigurationList = 34C3AF0628FC8E69005CF494 /* Build configuration list for PBXProject "Wordle" */;
			compatibilityVersion = "Xcode 13.0";
			developmentRegion = en;
			hasScannedForEncodings = 0;
			knownRegions = (
				en,
				Base,
			);
			mainGroup = 34C3AF0228FC8E69005CF494;
			productRefGroup = 34C3AF0C28FC8E69005CF494 /* Products */;
			projectDirPath = "";
			projectRoot = "";
			targets = (
				34C3AF0A28FC8E69005CF494 /* Wordle */,
				34C3AF1A28FC8E6D005CF494 /* WordleTests */,
				34C3AF2428FC8E6D005CF494 /* WordleUITests */,
			);
		};
/* End PBXProject section */

/* Begin PBXResourcesBuildPhase section */
		34C3AF0928FC8E69005CF494 /* Resources */ = {
			isa = PBXResourcesBuildPhase;
			buildActionMask = 2147483647;
			files = (
				34C3AF1628FC8E6C005CF494 /* Preview Assets.xcassets in Resources */,
				34C3AF1328FC8E6C005CF494 /* Assets.xcassets in Resources */,
			);
			runOnlyForDeploymentPostprocessing = 0;
		};
		34C3AF1928FC8E6D005CF494 /* Resources */ = {
			isa = PBXResourcesBuildPhase;
			buildActionMask = 2147483647;
			files = (
			);
			runOnlyForDeploymentPostprocessing = 0;
		};
		34C3AF2328FC8E6D005CF494 /* Resources */ = {
			isa = PBXResourcesBuildPhase;
			buildActionMask = 2147483647;
			files = (
			);
			runOnlyForDeploymentPostprocessing = 0;
		};
/* End PBXResourcesBuildPhase section */

/* Begin PBXSourcesBuildPhase section */
		34C3AF0728FC8E69005CF494 /* Sources */ = {
			isa = PBXSourcesBuildPhase;
			buildActionMask = 2147483647;
			files = (
				34950B8729085FE200D6F5FD /* PlayView.swift in Sources */,
				34C3AF1128FC8E69005CF494 /* ContentView.swift in Sources */,
				34950B99290B07EC00D6F5FD /* GameView.swift in Sources */,
				34C3AF0F28FC8E69005CF494 /* WordleApp.swift in Sources */,
				34950B9B290B09F600D6F5FD /* Guess.swift in Sources */,
			);
			runOnlyForDeploymentPostprocessing = 0;
		};
		34C3AF1728FC8E6D005CF494 /* Sources */ = {
			isa = PBXSourcesBuildPhase;
			buildActionMask = 2147483647;
			files = (
				34C3AF2028FC8E6D005CF494 /* WordleTests.swift in Sources */,
			);
			runOnlyForDeploymentPostprocessing = 0;
		};
		34C3AF2128FC8E6D005CF494 /* Sources */ = {
			isa = PBXSourcesBuildPhase;
			buildActionMask = 2147483647;
			files = (
				34C3AF2A28FC8E6D005CF494 /* WordleUITests.swift in Sources */,
				34C3AF2C28FC8E6D005CF494 /* WordleUITestsLaunchTests.swift in Sources */,
			);
			runOnlyForDeploymentPostprocessing = 0;
		};
/* End PBXSourcesBuildPhase section */

/* Begin PBXTargetDependency section */
		34C3AF1D28FC8E6D005CF494 /* PBXTargetDependency */ = {
			isa = PBXTargetDependency;
			target = 34C3AF0A28FC8E69005CF494 /* Wordle */;
			targetProxy = 34C3AF1C28FC8E6D005CF494 /* PBXContainerItemProxy */;
		};
		34C3AF2728FC8E6D005CF494 /* PBXTargetDependency */ = {
			isa = PBXTargetDependency;
			target = 34C3AF0A28FC8E69005CF494 /* Wordle */;
			targetProxy = 34C3AF2628FC8E6D005CF494 /* PBXContainerItemProxy */;
		};
/* End PBXTargetDependency section */

/* Begin XCBuildConfiguration section */
		34C3AF2D28FC8E6D005CF494 /* Debug */ = {
			isa = XCBuildConfiguration;
			buildSettings = {
				ALWAYS_SEARCH_USER_PATHS = NO;
				CLANG_ANALYZER_NONNULL = YES;
				CLANG_ANALYZER_NUMBER_OBJECT_CONVERSION = YES_AGGRESSIVE;
				CLANG_CXX_LANGUAGE_STANDARD = "gnu++17";
				CLANG_ENABLE_MODULES = YES;
				CLANG_ENABLE_OBJC_ARC = YES;
				CLANG_ENABLE_OBJC_WEAK = YES;
				CLANG_WARN_BLOCK_CAPTURE_AUTORELEASING = YES;
				CLANG_WARN_BOOL_CONVERSION = YES;
				CLANG_WARN_COMMA = YES;
				CLANG_WARN_CONSTANT_CONVERSION = YES;
				CLANG_WARN_DEPRECATED_OBJC_IMPLEMENTATIONS = YES;
				CLANG_WARN_DIRECT_OBJC_ISA_USAGE = YES_ERROR;
				CLANG_WARN_DOCUMENTATION_COMMENTS = YES;
				CLANG_WARN_EMPTY_BODY = YES;
				CLANG_WARN_ENUM_CONVERSION = YES;
				CLANG_WARN_INFINITE_RECURSION = YES;
				CLANG_WARN_INT_CONVERSION = YES;
				CLANG_WARN_NON_LITERAL_NULL_CONVERSION = YES;
				CLANG_WARN_OBJC_IMPLICIT_RETAIN_SELF = YES;
				CLANG_WARN_OBJC_LITERAL_CONVERSION = YES;
				CLANG_WARN_OBJC_ROOT_CLASS = YES_ERROR;
				CLANG_WARN_QUOTED_INCLUDE_IN_FRAMEWORK_HEADER = YES;
				CLANG_WARN_RANGE_LOOP_ANALYSIS = YES;
				CLANG_WARN_STRICT_PROTOTYPES = YES;
				CLANG_WARN_SUSPICIOUS_MOVE = YES;
				CLANG_WARN_UNGUARDED_AVAILABILITY = YES_AGGRESSIVE;
				CLANG_WARN_UNREACHABLE_CODE = YES;
				CLANG_WARN__DUPLICATE_METHOD_MATCH = YES;
				COPY_PHASE_STRIP = NO;
				DEBUG_INFORMATION_FORMAT = dwarf;
				ENABLE_STRICT_OBJC_MSGSEND = YES;
				ENABLE_TESTABILITY = YES;
				GCC_C_LANGUAGE_STANDARD = gnu11;
				GCC_DYNAMIC_NO_PIC = NO;
				GCC_NO_COMMON_BLOCKS = YES;
				GCC_OPTIMIZATION_LEVEL = 0;
				GCC_PREPROCESSOR_DEFINITIONS = (
					"DEBUG=1",
					"$(inherited)",
				);
				GCC_WARN_64_TO_32_BIT_CONVERSION = YES;
				GCC_WARN_ABOUT_RETURN_TYPE = YES_ERROR;
				GCC_WARN_UNDECLARED_SELECTOR = YES;
				GCC_WARN_UNINITIALIZED_AUTOS = YES_AGGRESSIVE;
				GCC_WARN_UNUSED_FUNCTION = YES;
				GCC_WARN_UNUSED_VARIABLE = YES;
				IPHONEOS_DEPLOYMENT_TARGET = 15.5;
				MTL_ENABLE_DEBUG_INFO = INCLUDE_SOURCE;
				MTL_FAST_MATH = YES;
				ONLY_ACTIVE_ARCH = YES;
				SDKROOT = iphoneos;
				SWIFT_ACTIVE_COMPILATION_CONDITIONS = DEBUG;
				SWIFT_OPTIMIZATION_LEVEL = "-Onone";
			};
			name = Debug;
		};
		34C3AF2E28FC8E6D005CF494 /* Release */ = {
			isa = XCBuildConfiguration;
			buildSettings = {
				ALWAYS_SEARCH_USER_PATHS = NO;
				CLANG_ANALYZER_NONNULL = YES;
				CLANG_ANALYZER_NUMBER_OBJECT_CONVERSION = YES_AGGRESSIVE;
				CLANG_CXX_LANGUAGE_STANDARD = "gnu++17";
				CLANG_ENABLE_MODULES = YES;
				CLANG_ENABLE_OBJC_ARC = YES;
				CLANG_ENABLE_OBJC_WEAK = YES;
				CLANG_WARN_BLOCK_CAPTURE_AUTORELEASING = YES;
				CLANG_WARN_BOOL_CONVERSION = YES;
				CLANG_WARN_COMMA = YES;
				CLANG_WARN_CONSTANT_CONVERSION = YES;
				CLANG_WARN_DEPRECATED_OBJC_IMPLEMENTATIONS = YES;
				CLANG_WARN_DIRECT_OBJC_ISA_USAGE = YES_ERROR;
				CLANG_WARN_DOCUMENTATION_COMMENTS = YES;
				CLANG_WARN_EMPTY_BODY = YES;
				CLANG_WARN_ENUM_CONVERSION = YES;
				CLANG_WARN_INFINITE_RECURSION = YES;
				CLANG_WARN_INT_CONVERSION = YES;
				CLANG_WARN_NON_LITERAL_NULL_CONVERSION = YES;
				CLANG_WARN_OBJC_IMPLICIT_RETAIN_SELF = YES;
				CLANG_WARN_OBJC_LITERAL_CONVERSION = YES;
				CLANG_WARN_OBJC_ROOT_CLASS = YES_ERROR;
				CLANG_WARN_QUOTED_INCLUDE_IN_FRAMEWORK_HEADER = YES;
				CLANG_WARN_RANGE_LOOP_ANALYSIS = YES;
				CLANG_WARN_STRICT_PROTOTYPES = YES;
				CLANG_WARN_SUSPICIOUS_MOVE = YES;
				CLANG_WARN_UNGUARDED_AVAILABILITY = YES_AGGRESSIVE;
				CLANG_WARN_UNREACHABLE_CODE = YES;
				CLANG_WARN__DUPLICATE_METHOD_MATCH = YES;
				COPY_PHASE_STRIP = NO;
				DEBUG_INFORMATION_FORMAT = "dwarf-with-dsym";
				ENABLE_NS_ASSERTIONS = NO;
				ENABLE_STRICT_OBJC_MSGSEND = YES;
				GCC_C_LANGUAGE_STANDARD = gnu11;
				GCC_NO_COMMON_BLOCKS = YES;
				GCC_WARN_64_TO_32_BIT_CONVERSION = YES;
				GCC_WARN_ABOUT_RETURN_TYPE = YES_ERROR;
				GCC_WARN_UNDECLARED_SELECTOR = YES;
				GCC_WARN_UNINITIALIZED_AUTOS = YES_AGGRESSIVE;
				GCC_WARN_UNUSED_FUNCTION = YES;
				GCC_WARN_UNUSED_VARIABLE = YES;
				IPHONEOS_DEPLOYMENT_TARGET = 15.5;
				MTL_ENABLE_DEBUG_INFO = NO;
				MTL_FAST_MATH = YES;
				SDKROOT = iphoneos;
				SWIFT_COMPILATION_MODE = wholemodule;
				SWIFT_OPTIMIZATION_LEVEL = "-O";
				VALIDATE_PRODUCT = YES;
			};
			name = Release;
		};
		34C3AF3028FC8E6D005CF494 /* Debug */ = {
			isa = XCBuildConfiguration;
			buildSettings = {
				ASSETCATALOG_COMPILER_APPICON_NAME = AppIcon;
				ASSETCATALOG_COMPILER_GLOBAL_ACCENT_COLOR_NAME = AccentColor;
				CODE_SIGN_STYLE = Automatic;
				CURRENT_PROJECT_VERSION = 1;
				DEVELOPMENT_ASSET_PATHS = "\"Wordle/Preview Content\"";
				DEVELOPMENT_TEAM = CDB5L2XBMW;
				ENABLE_PREVIEWS = YES;
				GENERATE_INFOPLIST_FILE = YES;
				INFOPLIST_KEY_UIApplicationSceneManifest_Generation = YES;
				INFOPLIST_KEY_UIApplicationSupportsIndirectInputEvents = YES;
				INFOPLIST_KEY_UILaunchScreen_Generation = YES;
				INFOPLIST_KEY_UISupportedInterfaceOrientations_iPad = "UIInterfaceOrientationPortrait UIInterfaceOrientationPortraitUpsideDown UIInterfaceOrientationLandscapeLeft UIInterfaceOrientationLandscapeRight";
				INFOPLIST_KEY_UISupportedInterfaceOrientations_iPhone = "UIInterfaceOrientationPortrait UIInterfaceOrientationLandscapeLeft UIInterfaceOrientationLandscapeRight";
				LD_RUNPATH_SEARCH_PATHS = (
					"$(inherited)",
					"@executable_path/Frameworks",
				);
				MARKETING_VERSION = 1.0;
				PRODUCT_BUNDLE_IDENTIFIER = com.Project.Wordle;
				PRODUCT_NAME = "$(TARGET_NAME)";
				SWIFT_EMIT_LOC_STRINGS = YES;
				SWIFT_VERSION = 5.0;
				TARGETED_DEVICE_FAMILY = "1,2";
			};
			name = Debug;
		};
		34C3AF3128FC8E6D005CF494 /* Release */ = {
			isa = XCBuildConfiguration;
			buildSettings = {
				ASSETCATALOG_COMPILER_APPICON_NAME = AppIcon;
				ASSETCATALOG_COMPILER_GLOBAL_ACCENT_COLOR_NAME = AccentColor;
				CODE_SIGN_STYLE = Automatic;
				CURRENT_PROJECT_VERSION = 1;
				DEVELOPMENT_ASSET_PATHS = "\"Wordle/Preview Content\"";
				DEVELOPMENT_TEAM = CDB5L2XBMW;
				ENABLE_PREVIEWS = YES;
				GENERATE_INFOPLIST_FILE = YES;
				INFOPLIST_KEY_UIApplicationSceneManifest_Generation = YES;
				INFOPLIST_KEY_UIApplicationSupportsIndirectInputEvents = YES;
				INFOPLIST_KEY_UILaunchScreen_Generation = YES;
				INFOPLIST_KEY_UISupportedInterfaceOrientations_iPad = "UIInterfaceOrientationPortrait UIInterfaceOrientationPortraitUpsideDown UIInterfaceOrientationLandscapeLeft UIInterfaceOrientationLandscapeRight";
				INFOPLIST_KEY_UISupportedInterfaceOrientations_iPhone = "UIInterfaceOrientationPortrait UIInterfaceOrientationLandscapeLeft UIInterfaceOrientationLandscapeRight";
				LD_RUNPATH_SEARCH_PATHS = (
					"$(inherited)",
					"@executable_path/Frameworks",
				);
				MARKETING_VERSION = 1.0;
				PRODUCT_BUNDLE_IDENTIFIER = com.Project.Wordle;
				PRODUCT_NAME = "$(TARGET_NAME)";
				SWIFT_EMIT_LOC_STRINGS = YES;
				SWIFT_VERSION = 5.0;
				TARGETED_DEVICE_FAMILY = "1,2";
			};
			name = Release;
		};
		34C3AF3328FC8E6D005CF494 /* Debug */ = {
			isa = XCBuildConfiguration;
			buildSettings = {
				ALWAYS_EMBED_SWIFT_STANDARD_LIBRARIES = YES;
				BUNDLE_LOADER = "$(TEST_HOST)";
				CODE_SIGN_STYLE = Automatic;
				CURRENT_PROJECT_VERSION = 1;
				DEVELOPMENT_TEAM = CDB5L2XBMW;
				GENERATE_INFOPLIST_FILE = YES;
				IPHONEOS_DEPLOYMENT_TARGET = 15.5;
				MARKETING_VERSION = 1.0;
				PRODUCT_BUNDLE_IDENTIFIER = Wordle.WordleTests;
				PRODUCT_NAME = "$(TARGET_NAME)";
				SWIFT_EMIT_LOC_STRINGS = NO;
				SWIFT_VERSION = 5.0;
				TARGETED_DEVICE_FAMILY = "1,2";
				TEST_HOST = "$(BUILT_PRODUCTS_DIR)/Wordle.app/Wordle";
			};
			name = Debug;
		};
		34C3AF3428FC8E6D005CF494 /* Release */ = {
			isa = XCBuildConfiguration;
			buildSettings = {
				ALWAYS_EMBED_SWIFT_STANDARD_LIBRARIES = YES;
				BUNDLE_LOADER = "$(TEST_HOST)";
				CODE_SIGN_STYLE = Automatic;
				CURRENT_PROJECT_VERSION = 1;
				DEVELOPMENT_TEAM = CDB5L2XBMW;
				GENERATE_INFOPLIST_FILE = YES;
				IPHONEOS_DEPLOYMENT_TARGET = 15.5;
				MARKETING_VERSION = 1.0;
				PRODUCT_BUNDLE_IDENTIFIER = Wordle.WordleTests;
				PRODUCT_NAME = "$(TARGET_NAME)";
				SWIFT_EMIT_LOC_STRINGS = NO;
				SWIFT_VERSION = 5.0;
				TARGETED_DEVICE_FAMILY = "1,2";
				TEST_HOST = "$(BUILT_PRODUCTS_DIR)/Wordle.app/Wordle";
			};
			name = Release;
		};
		34C3AF3628FC8E6D005CF494 /* Debug */ = {
			isa = XCBuildConfiguration;
			buildSettings = {
				ALWAYS_EMBED_SWIFT_STANDARD_LIBRARIES = YES;
				CODE_SIGN_STYLE = Automatic;
				CURRENT_PROJECT_VERSION = 1;
				DEVELOPMENT_TEAM = CDB5L2XBMW;
				GENERATE_INFOPLIST_FILE = YES;
				MARKETING_VERSION = 1.0;
				PRODUCT_BUNDLE_IDENTIFIER = Wordle.WordleUITests;
				PRODUCT_NAME = "$(TARGET_NAME)";
				SWIFT_EMIT_LOC_STRINGS = NO;
				SWIFT_VERSION = 5.0;
				TARGETED_DEVICE_FAMILY = "1,2";
				TEST_TARGET_NAME = Wordle;
			};
			name = Debug;
		};
		34C3AF3728FC8E6D005CF494 /* Release */ = {
			isa = XCBuildConfiguration;
			buildSettings = {
				ALWAYS_EMBED_SWIFT_STANDARD_LIBRARIES = YES;
				CODE_SIGN_STYLE = Automatic;
				CURRENT_PROJECT_VERSION = 1;
				DEVELOPMENT_TEAM = CDB5L2XBMW;
				GENERATE_INFOPLIST_FILE = YES;
				MARKETING_VERSION = 1.0;
				PRODUCT_BUNDLE_IDENTIFIER = Wordle.WordleUITests;
				PRODUCT_NAME = "$(TARGET_NAME)";
				SWIFT_EMIT_LOC_STRINGS = NO;
				SWIFT_VERSION = 5.0;
				TARGETED_DEVICE_FAMILY = "1,2";
				TEST_TARGET_NAME = Wordle;
			};
			name = Release;
		};
/* End XCBuildConfiguration section */

/* Begin XCConfigurationList section */
		34C3AF0628FC8E69005CF494 /* Build configuration list for PBXProject "Wordle" */ = {
			isa = XCConfigurationList;
			buildConfigurations = (
				34C3AF2D28FC8E6D005CF494 /* Debug */,
				34C3AF2E28FC8E6D005CF494 /* Release */,
			);
			defaultConfigurationIsVisible = 0;
			defaultConfigurationName = Release;
		};
		34C3AF2F28FC8E6D005CF494 /* Build configuration list for PBXNativeTarget "Wordle" */ = {
			isa = XCConfigurationList;
			buildConfigurations = (
				34C3AF3028FC8E6D005CF494 /* Debug */,
				34C3AF3128FC8E6D005CF494 /* Release */,
			);
			defaultConfigurationIsVisible = 0;
			defaultConfigurationName = Release;
		};
		34C3AF3228FC8E6D005CF494 /* Build configuration list for PBXNativeTarget "WordleTests" */ = {
			isa = XCConfigurationList;
			buildConfigurations = (
				34C3AF3328FC8E6D005CF494 /* Debug */,
				34C3AF3428FC8E6D005CF494 /* Release */,
			);
			defaultConfigurationIsVisible = 0;
			defaultConfigurationName = Release;
		};
		34C3AF3528FC8E6D005CF494 /* Build configuration list for PBXNativeTarget "WordleUITests" */ = {
			isa = XCConfigurationList;
			buildConfigurations = (
				34C3AF3628FC8E6D005CF494 /* Debug */,
				34C3AF3728FC8E6D005CF494 /* Release */,
			);
			defaultConfigurationIsVisible = 0;
			defaultConfigurationName = Release;
		};
/* End XCConfigurationList section */
	};
	rootObject = 34C3AF0328FC8E69005CF494 /* Project object */;
}
